
Microsoft Visual Studio Solution File, Format Version 12.00
# Visual Studio Version 17
VisualStudioVersion = 17.0.32112.339
MinimumVisualStudioVersion = 10.0.40219.1
Project("{F2A71F9B-5D33-465A-A702-920D77279786}") = "HyperGit", "HyperGit\HyperGit.fsproj", "{FA746DF0-726F-43CE-9F93-C7743304F433}"
EndProject
Project("{2150E333-8FDC-42A3-9474-1A3956D46DE8}") = "Apps", "Apps", "{BF942EB2-E688-43EA-A424-D96384D0B8A4}"
EndProject
Project("{2150E333-8FDC-42A3-9474-1A3956D46DE8}") = "Libraries", "Libraries", "{8EBFBAE7-75F3-445B-B659-4814F7B3E994}"
EndProject
Project("{FAE04EC0-301F-11D3-BF4B-00C04F79EFBC}") = "HyperGitLib", "HyperGitLib\HyperGitLib.csproj", "{770D7500-1815-422F-B85F-12412ED69375}"
EndProject
Global
	GlobalSection(SolutionConfigurationPlatforms) = preSolution
		Debug|Any CPU = Debug|Any CPU
		Release|Any CPU = Release|Any CPU
	EndGlobalSection
	GlobalSection(ProjectConfigurationPlatforms) = postSolution
		{FA746DF0-726F-43CE-9F93-C7743304F433}.Debug|Any CPU.ActiveCfg = Debug|Any CPU
		{FA746DF0-726F-43CE-9F93-C7743304F433}.Debug|Any CPU.Build.0 = Debug|Any CPU
		{FA746DF0-726F-43CE-9F93-C7743304F433}.Release|Any CPU.ActiveCfg = Release|Any CPU
		{FA746DF0-726F-43CE-9F93-C7743304F433}.Release|Any CPU.Build.0 = Release|Any CPU
		{770D7500-1815-422F-B85F-12412ED69375}.Debug|Any CPU.ActiveCfg = Debug|Any CPU
		{770D7500-1815-422F-B85F-12412ED69375}.Debug|Any CPU.Build.0 = Debug|Any CPU
		{770D7500-1815-422F-B85F-12412ED69375}.Release|Any CPU.ActiveCfg = Release|Any CPU
		{770D7500-1815-422F-B85F-12412ED69375}.Release|Any CPU.Build.0 = Release|Any CPU
	EndGlobalSection
	GlobalSection(SolutionProperties) = preSolution
		HideSolutionNode = FALSE
	EndGlobalSection
	GlobalSection(NestedProjects) = preSolution
		{FA746DF0-726F-43CE-9F93-C7743304F433} = {BF942EB2-E688-43EA-A424-D96384D0B8A4}
		{770D7500-1815-422F-B85F-12412ED69375} = {8EBFBAE7-75F3-445B-B659-4814F7B3E994}
	EndGlobalSection
	GlobalSection(ExtensibilityGlobals) = postSolution
		SolutionGuid = {C28CD469-7011-4456-95AF-35D45674279E}
	EndGlobalSection
EndGlobal
